
Microsoft Visual Studio Solution File, Format Version 12.00
# Visual Studio 15
VisualStudioVersion = 15.0.28307.2092
MinimumVisualStudioVersion = 10.0.40219.1
Project("{FAE04EC0-301F-11D3-BF4B-00C04F79EFBC}") = "BaiTap_LapTrinhCSharp", "BaiTap_LapTrinhCSharp\BaiTap_LapTrinhCSharp.csproj", "{673B36F1-0218-48C5-A3E2-084B0B0281AE}"
EndProject
Global
	GlobalSection(SolutionConfigurationPlatforms) = preSolution
		Debug|Any CPU = Debug|Any CPU
		Release|Any CPU = Release|Any CPU
	EndGlobalSection
	GlobalSection(ProjectConfigurationPlatforms) = postSolution
		{673B36F1-0218-48C5-A3E2-084B0B0281AE}.Debug|Any CPU.ActiveCfg = Debug|Any CPU
		{673B36F1-0218-48C5-A3E2-084B0B0281AE}.Debug|Any CPU.Build.0 = Debug|Any CPU
		{673B36F1-0218-48C5-A3E2-084B0B0281AE}.Release|Any CPU.ActiveCfg = Release|Any CPU
		{673B36F1-0218-48C5-A3E2-084B0B0281AE}.Release|Any CPU.Build.0 = Release|Any CPU
	EndGlobalSection
	GlobalSection(SolutionProperties) = preSolution
		HideSolutionNode = FALSE
	EndGlobalSection
	GlobalSection(ExtensibilityGlobals) = postSolution
		SolutionGuid = {43B734E8-BAAC-45D5-BE23-967F9C059E49}
	EndGlobalSection
EndGlobal
